
Microsoft Visual Studio Solution File, Format Version 12.00
# Visual Studio Version 17
VisualStudioVersion = 17.0.32014.148
MinimumVisualStudioVersion = 10.0.40219.1
Project("{2150E333-8FDC-42A3-9474-1A3956D46DE8}") = "ShopManagemanet", "ShopManagemanet", "{10787B15-478B-4EA5-99BE-A984438705EA}"
EndProject
Project("{2150E333-8FDC-42A3-9474-1A3956D46DE8}") = "Sh.Domain", "Sh.Domain", "{33459137-D6C9-43EA-B708-60D88ECF93B7}"
EndProject
Project("{9A19103F-16F7-4668-BE54-9A1E7A4F7556}") = "ShopManagement.Domain", "ShopManagement.Domain\ShopManagement.Domain.csproj", "{3579FC30-8D8F-470A-BA36-43D6DDBF2056}"
EndProject
Project("{9A19103F-16F7-4668-BE54-9A1E7A4F7556}") = "01_framwork", "01_framwork\01_framwork.csproj", "{B2C2FC1F-7802-4A8B-8E06-AC7FDF64B185}"
EndProject
Project("{2150E333-8FDC-42A3-9474-1A3956D46DE8}") = "Sh.applications", "Sh.applications", "{C78F1544-DF30-4815-B68F-926966E3CF24}"
EndProject
Project("{9A19103F-16F7-4668-BE54-9A1E7A4F7556}") = "ShopManagement.Application.Contracts", "ShopManagement.Application.Contracts\ShopManagement.Application.Contracts.csproj", "{0A4A2958-3955-426A-96CC-02954D7FFA55}"
EndProject
Project("{9A19103F-16F7-4668-BE54-9A1E7A4F7556}") = "ShopManagement.Application", "ShopManagement.Application\ShopManagement.Application.csproj", "{CD414331-AC7E-4E46-90B1-823BD2891488}"
EndProject
Project("{2150E333-8FDC-42A3-9474-1A3956D46DE8}") = "Sh.Infrastructure", "Sh.Infrastructure", "{B146C8CA-A54D-4200-8332-2435C4415237}"
EndProject
Project("{9A19103F-16F7-4668-BE54-9A1E7A4F7556}") = "ShopManagement.Infrastructure.EfCore", "ShopManagement.Infrastructure.EfCore\ShopManagement.Infrastructure.EfCore.csproj", "{EC863EAE-7873-45E0-A1E5-9146668609B1}"
EndProject
Project("{9A19103F-16F7-4668-BE54-9A1E7A4F7556}") = "ShopManagment.Infrastructure.Config", "ShopManagment.Imfrastructure.Config\ShopManagment.Infrastructure.Config.csproj", "{1FDC0E7D-792E-41AC-84A3-89CCA9898888}"
EndProject
Project("{9A19103F-16F7-4668-BE54-9A1E7A4F7556}") = "ServiceHost", "ServiceHost\ServiceHost.csproj", "{247AB78F-E28A-4831-8C88-D966C6B304B4}"
EndProject
Project("{9A19103F-16F7-4668-BE54-9A1E7A4F7556}") = "01-Shoplyquery", "01-Shoplyquery\01-Shoplyquery.csproj", "{DE9882FC-C256-4CD9-A222-9E70A1D581DF}"
EndProject
Project("{2150E333-8FDC-42A3-9474-1A3956D46DE8}") = "DiscountManagement", "DiscountManagement", "{C9A6F452-E8F9-4774-B350-D3255E483FDB}"
EndProject
Project("{2150E333-8FDC-42A3-9474-1A3956D46DE8}") = "DM.Domain", "DM.Domain", "{AA1EC7A0-E0F0-4B32-B74D-A85C7ED84DE0}"
EndProject
Project("{9A19103F-16F7-4668-BE54-9A1E7A4F7556}") = "DiscountManagement.Domain", "DiscountManagement.Domain\DiscountManagement.Domain.csproj", "{EB8A0DD1-543C-4DA9-A9AB-7396227C8C6C}"
EndProject
Project("{2150E333-8FDC-42A3-9474-1A3956D46DE8}") = "DM.Application.Contracts", "DM.Application.Contracts", "{106468DD-4500-44A8-8B3E-A066908A7977}"
EndProject
Project("{9A19103F-16F7-4668-BE54-9A1E7A4F7556}") = "DiscountManagement.Application.Contracts", "DiscountManagement.Application.Contracts\DiscountManagement.Application.Contracts.csproj", "{5F0F43E9-AD52-47BF-9442-4EAD64E7677C}"
EndProject
Project("{2150E333-8FDC-42A3-9474-1A3956D46DE8}") = "Dm.Application", "Dm.Application", "{CC2D3AC7-AE3D-4588-AFDE-24451BA157AA}"
EndProject
Project("{9A19103F-16F7-4668-BE54-9A1E7A4F7556}") = "DiscountManagement.Application", "DiscountManagement.Application\DiscountManagement.Application.csproj", "{5D57EEB1-BD17-444D-9F84-0A748F5989D2}"
EndProject
Project("{2150E333-8FDC-42A3-9474-1A3956D46DE8}") = "DM.Infrastructure", "DM.Infrastructure", "{527DF2BB-A955-424A-B9AD-C18E6D613C5E}"
EndProject
Project("{9A19103F-16F7-4668-BE54-9A1E7A4F7556}") = "DiscountManagement.Infrastructure", "DiscountManagement.Infrastructure\DiscountManagement.Infrastructure.csproj", "{F5F3D9A7-F3F0-4D5F-BCF0-DF5D52963CC5}"
EndProject
Project("{9A19103F-16F7-4668-BE54-9A1E7A4F7556}") = "DiscountManagement.Infrastructure.Config", "DiscountManagement.Infrastructure.Config\DiscountManagement.Infrastructure.Config.csproj", "{C38C18A2-02D0-42F9-91F9-9411E02AB194}"
EndProject
Project("{2150E333-8FDC-42A3-9474-1A3956D46DE8}") = "InventoryManagement", "InventoryManagement", "{1B814969-B4D2-427C-9237-A0BD8E7E1207}"
EndProject
Project("{2150E333-8FDC-42A3-9474-1A3956D46DE8}") = "IM.Domain", "IM.Domain", "{F97B4A38-1B0E-4BE2-9FB9-31990112F45B}"
EndProject
Project("{9A19103F-16F7-4668-BE54-9A1E7A4F7556}") = "InventoryManagement.Domain", "InventoryManagement.Domain\InventoryManagement.Domain.csproj", "{5B67921F-6BA4-490B-8285-23B1B5D11188}"
EndProject
Project("{2150E333-8FDC-42A3-9474-1A3956D46DE8}") = "IM.Application.Contracts", "IM.Application.Contracts", "{E115D7C4-C7B6-4E1D-B6DF-D1CDA88D9121}"
EndProject
Project("{9A19103F-16F7-4668-BE54-9A1E7A4F7556}") = "InventoryManagement.Application.Contracts", "InventoryApplication\InventoryManagement.Application.Contracts.csproj", "{ED982C92-6B9A-41AA-B168-4281DE3DA18F}"
EndProject
Project("{2150E333-8FDC-42A3-9474-1A3956D46DE8}") = "IM.Infrastructure", "IM.Infrastructure", "{15EEB0D0-D461-4623-BAF0-2C25CA40DE18}"
EndProject
Project("{9A19103F-16F7-4668-BE54-9A1E7A4F7556}") = "InventoryManagement.Infrastructure", "Inventory.Infrastructure\InventoryManagement.Infrastructure.csproj", "{A6FBD505-B270-4AF3-A1E8-B8AE59CA68EB}"
EndProject
Project("{9A19103F-16F7-4668-BE54-9A1E7A4F7556}") = "InventoryManagement.Infrastructure.Configuration", "InventoryManagement.Infrastructure.Configuration\InventoryManagement.Infrastructure.Configuration.csproj", "{149981F9-A291-4791-A21C-FAA4652D53A5}"
EndProject
Project("{2150E333-8FDC-42A3-9474-1A3956D46DE8}") = "IM.Application", "IM.Application", "{82E424AE-842F-483C-B332-899667FFE604}"
EndProject
Project("{9A19103F-16F7-4668-BE54-9A1E7A4F7556}") = "InventoryManagement.Application", "InventoryManagement.Application\InventoryManagement.Application.csproj", "{7FF9285C-224F-4502-9F27-4AEC2662F078}"
EndProject
Global
	GlobalSection(SolutionConfigurationPlatforms) = preSolution
		Debug|Any CPU = Debug|Any CPU
		Release|Any CPU = Release|Any CPU
	EndGlobalSection
	GlobalSection(ProjectConfigurationPlatforms) = postSolution
		{3579FC30-8D8F-470A-BA36-43D6DDBF2056}.Debug|Any CPU.ActiveCfg = Debug|Any CPU
		{3579FC30-8D8F-470A-BA36-43D6DDBF2056}.Debug|Any CPU.Build.0 = Debug|Any CPU
		{3579FC30-8D8F-470A-BA36-43D6DDBF2056}.Release|Any CPU.ActiveCfg = Release|Any CPU
		{3579FC30-8D8F-470A-BA36-43D6DDBF2056}.Release|Any CPU.Build.0 = Release|Any CPU
		{B2C2FC1F-7802-4A8B-8E06-AC7FDF64B185}.Debug|Any CPU.ActiveCfg = Debug|Any CPU
		{B2C2FC1F-7802-4A8B-8E06-AC7FDF64B185}.Debug|Any CPU.Build.0 = Debug|Any CPU
		{B2C2FC1F-7802-4A8B-8E06-AC7FDF64B185}.Release|Any CPU.ActiveCfg = Release|Any CPU
		{B2C2FC1F-7802-4A8B-8E06-AC7FDF64B185}.Release|Any CPU.Build.0 = Release|Any CPU
		{0A4A2958-3955-426A-96CC-02954D7FFA55}.Debug|Any CPU.ActiveCfg = Debug|Any CPU
		{0A4A2958-3955-426A-96CC-02954D7FFA55}.Debug|Any CPU.Build.0 = Debug|Any CPU
		{0A4A2958-3955-426A-96CC-02954D7FFA55}.Release|Any CPU.ActiveCfg = Release|Any CPU
		{0A4A2958-3955-426A-96CC-02954D7FFA55}.Release|Any CPU.Build.0 = Release|Any CPU
		{CD414331-AC7E-4E46-90B1-823BD2891488}.Debug|Any CPU.ActiveCfg = Debug|Any CPU
		{CD414331-AC7E-4E46-90B1-823BD2891488}.Debug|Any CPU.Build.0 = Debug|Any CPU
		{CD414331-AC7E-4E46-90B1-823BD2891488}.Release|Any CPU.ActiveCfg = Release|Any CPU
		{CD414331-AC7E-4E46-90B1-823BD2891488}.Release|Any CPU.Build.0 = Release|Any CPU
		{EC863EAE-7873-45E0-A1E5-9146668609B1}.Debug|Any CPU.ActiveCfg = Debug|Any CPU
		{EC863EAE-7873-45E0-A1E5-9146668609B1}.Debug|Any CPU.Build.0 = Debug|Any CPU
		{EC863EAE-7873-45E0-A1E5-9146668609B1}.Release|Any CPU.ActiveCfg = Release|Any CPU
		{EC863EAE-7873-45E0-A1E5-9146668609B1}.Release|Any CPU.Build.0 = Release|Any CPU
		{1FDC0E7D-792E-41AC-84A3-89CCA9898888}.Debug|Any CPU.ActiveCfg = Debug|Any CPU
		{1FDC0E7D-792E-41AC-84A3-89CCA9898888}.Debug|Any CPU.Build.0 = Debug|Any CPU
		{1FDC0E7D-792E-41AC-84A3-89CCA9898888}.Release|Any CPU.ActiveCfg = Release|Any CPU
		{1FDC0E7D-792E-41AC-84A3-89CCA9898888}.Release|Any CPU.Build.0 = Release|Any CPU
		{247AB78F-E28A-4831-8C88-D966C6B304B4}.Debug|Any CPU.ActiveCfg = Debug|Any CPU
		{247AB78F-E28A-4831-8C88-D966C6B304B4}.Debug|Any CPU.Build.0 = Debug|Any CPU
		{247AB78F-E28A-4831-8C88-D966C6B304B4}.Release|Any CPU.ActiveCfg = Release|Any CPU
		{247AB78F-E28A-4831-8C88-D966C6B304B4}.Release|Any CPU.Build.0 = Release|Any CPU
		{DE9882FC-C256-4CD9-A222-9E70A1D581DF}.Debug|Any CPU.ActiveCfg = Debug|Any CPU
		{DE9882FC-C256-4CD9-A222-9E70A1D581DF}.Debug|Any CPU.Build.0 = Debug|Any CPU
		{DE9882FC-C256-4CD9-A222-9E70A1D581DF}.Release|Any CPU.ActiveCfg = Release|Any CPU
		{DE9882FC-C256-4CD9-A222-9E70A1D581DF}.Release|Any CPU.Build.0 = Release|Any CPU
		{EB8A0DD1-543C-4DA9-A9AB-7396227C8C6C}.Debug|Any CPU.ActiveCfg = Debug|Any CPU
		{EB8A0DD1-543C-4DA9-A9AB-7396227C8C6C}.Debug|Any CPU.Build.0 = Debug|Any CPU
		{EB8A0DD1-543C-4DA9-A9AB-7396227C8C6C}.Release|Any CPU.ActiveCfg = Release|Any CPU
		{EB8A0DD1-543C-4DA9-A9AB-7396227C8C6C}.Release|Any CPU.Build.0 = Release|Any CPU
		{5F0F43E9-AD52-47BF-9442-4EAD64E7677C}.Debug|Any CPU.ActiveCfg = Debug|Any CPU
		{5F0F43E9-AD52-47BF-9442-4EAD64E7677C}.Debug|Any CPU.Build.0 = Debug|Any CPU
		{5F0F43E9-AD52-47BF-9442-4EAD64E7677C}.Release|Any CPU.ActiveCfg = Release|Any CPU
		{5F0F43E9-AD52-47BF-9442-4EAD64E7677C}.Release|Any CPU.Build.0 = Release|Any CPU
		{5D57EEB1-BD17-444D-9F84-0A748F5989D2}.Debug|Any CPU.ActiveCfg = Debug|Any CPU
		{5D57EEB1-BD17-444D-9F84-0A748F5989D2}.Debug|Any CPU.Build.0 = Debug|Any CPU
		{5D57EEB1-BD17-444D-9F84-0A748F5989D2}.Release|Any CPU.ActiveCfg = Release|Any CPU
		{5D57EEB1-BD17-444D-9F84-0A748F5989D2}.Release|Any CPU.Build.0 = Release|Any CPU
		{F5F3D9A7-F3F0-4D5F-BCF0-DF5D52963CC5}.Debug|Any CPU.ActiveCfg = Debug|Any CPU
		{F5F3D9A7-F3F0-4D5F-BCF0-DF5D52963CC5}.Debug|Any CPU.Build.0 = Debug|Any CPU
		{F5F3D9A7-F3F0-4D5F-BCF0-DF5D52963CC5}.Release|Any CPU.ActiveCfg = Release|Any CPU
		{F5F3D9A7-F3F0-4D5F-BCF0-DF5D52963CC5}.Release|Any CPU.Build.0 = Release|Any CPU
		{C38C18A2-02D0-42F9-91F9-9411E02AB194}.Debug|Any CPU.ActiveCfg = Debug|Any CPU
		{C38C18A2-02D0-42F9-91F9-9411E02AB194}.Debug|Any CPU.Build.0 = Debug|Any CPU
		{C38C18A2-02D0-42F9-91F9-9411E02AB194}.Release|Any CPU.ActiveCfg = Release|Any CPU
		{C38C18A2-02D0-42F9-91F9-9411E02AB194}.Release|Any CPU.Build.0 = Release|Any CPU
		{5B67921F-6BA4-490B-8285-23B1B5D11188}.Debug|Any CPU.ActiveCfg = Debug|Any CPU
		{5B67921F-6BA4-490B-8285-23B1B5D11188}.Debug|Any CPU.Build.0 = Debug|Any CPU
		{5B67921F-6BA4-490B-8285-23B1B5D11188}.Release|Any CPU.ActiveCfg = Release|Any CPU
		{5B67921F-6BA4-490B-8285-23B1B5D11188}.Release|Any CPU.Build.0 = Release|Any CPU
		{ED982C92-6B9A-41AA-B168-4281DE3DA18F}.Debug|Any CPU.ActiveCfg = Debug|Any CPU
		{ED982C92-6B9A-41AA-B168-4281DE3DA18F}.Debug|Any CPU.Build.0 = Debug|Any CPU
		{ED982C92-6B9A-41AA-B168-4281DE3DA18F}.Release|Any CPU.ActiveCfg = Release|Any CPU
		{ED982C92-6B9A-41AA-B168-4281DE3DA18F}.Release|Any CPU.Build.0 = Release|Any CPU
		{A6FBD505-B270-4AF3-A1E8-B8AE59CA68EB}.Debug|Any CPU.ActiveCfg = Debug|Any CPU
		{A6FBD505-B270-4AF3-A1E8-B8AE59CA68EB}.Debug|Any CPU.Build.0 = Debug|Any CPU
		{A6FBD505-B270-4AF3-A1E8-B8AE59CA68EB}.Release|Any CPU.ActiveCfg = Release|Any CPU
		{A6FBD505-B270-4AF3-A1E8-B8AE59CA68EB}.Release|Any CPU.Build.0 = Release|Any CPU
		{149981F9-A291-4791-A21C-FAA4652D53A5}.Debug|Any CPU.ActiveCfg = Debug|Any CPU
		{149981F9-A291-4791-A21C-FAA4652D53A5}.Debug|Any CPU.Build.0 = Debug|Any CPU
		{149981F9-A291-4791-A21C-FAA4652D53A5}.Release|Any CPU.ActiveCfg = Release|Any CPU
		{149981F9-A291-4791-A21C-FAA4652D53A5}.Release|Any CPU.Build.0 = Release|Any CPU
		{7FF9285C-224F-4502-9F27-4AEC2662F078}.Debug|Any CPU.ActiveCfg = Debug|Any CPU
		{7FF9285C-224F-4502-9F27-4AEC2662F078}.Debug|Any CPU.Build.0 = Debug|Any CPU
		{7FF9285C-224F-4502-9F27-4AEC2662F078}.Release|Any CPU.ActiveCfg = Release|Any CPU
		{7FF9285C-224F-4502-9F27-4AEC2662F078}.Release|Any CPU.Build.0 = Release|Any CPU
	EndGlobalSection
	GlobalSection(SolutionProperties) = preSolution
		HideSolutionNode = FALSE
	EndGlobalSection
	GlobalSection(NestedProjects) = preSolution
		{33459137-D6C9-43EA-B708-60D88ECF93B7} = {10787B15-478B-4EA5-99BE-A984438705EA}
		{3579FC30-8D8F-470A-BA36-43D6DDBF2056} = {33459137-D6C9-43EA-B708-60D88ECF93B7}
		{C78F1544-DF30-4815-B68F-926966E3CF24} = {10787B15-478B-4EA5-99BE-A984438705EA}
		{0A4A2958-3955-426A-96CC-02954D7FFA55} = {C78F1544-DF30-4815-B68F-926966E3CF24}
		{CD414331-AC7E-4E46-90B1-823BD2891488} = {C78F1544-DF30-4815-B68F-926966E3CF24}
		{B146C8CA-A54D-4200-8332-2435C4415237} = {10787B15-478B-4EA5-99BE-A984438705EA}
		{EC863EAE-7873-45E0-A1E5-9146668609B1} = {B146C8CA-A54D-4200-8332-2435C4415237}
		{1FDC0E7D-792E-41AC-84A3-89CCA9898888} = {B146C8CA-A54D-4200-8332-2435C4415237}
		{AA1EC7A0-E0F0-4B32-B74D-A85C7ED84DE0} = {C9A6F452-E8F9-4774-B350-D3255E483FDB}
		{EB8A0DD1-543C-4DA9-A9AB-7396227C8C6C} = {AA1EC7A0-E0F0-4B32-B74D-A85C7ED84DE0}
		{106468DD-4500-44A8-8B3E-A066908A7977} = {C9A6F452-E8F9-4774-B350-D3255E483FDB}
		{5F0F43E9-AD52-47BF-9442-4EAD64E7677C} = {106468DD-4500-44A8-8B3E-A066908A7977}
		{CC2D3AC7-AE3D-4588-AFDE-24451BA157AA} = {C9A6F452-E8F9-4774-B350-D3255E483FDB}
		{5D57EEB1-BD17-444D-9F84-0A748F5989D2} = {CC2D3AC7-AE3D-4588-AFDE-24451BA157AA}
		{527DF2BB-A955-424A-B9AD-C18E6D613C5E} = {C9A6F452-E8F9-4774-B350-D3255E483FDB}
		{F5F3D9A7-F3F0-4D5F-BCF0-DF5D52963CC5} = {527DF2BB-A955-424A-B9AD-C18E6D613C5E}
		{C38C18A2-02D0-42F9-91F9-9411E02AB194} = {527DF2BB-A955-424A-B9AD-C18E6D613C5E}
		{F97B4A38-1B0E-4BE2-9FB9-31990112F45B} = {1B814969-B4D2-427C-9237-A0BD8E7E1207}
		{5B67921F-6BA4-490B-8285-23B1B5D11188} = {F97B4A38-1B0E-4BE2-9FB9-31990112F45B}
		{E115D7C4-C7B6-4E1D-B6DF-D1CDA88D9121} = {1B814969-B4D2-427C-9237-A0BD8E7E1207}
		{ED982C92-6B9A-41AA-B168-4281DE3DA18F} = {E115D7C4-C7B6-4E1D-B6DF-D1CDA88D9121}
		{15EEB0D0-D461-4623-BAF0-2C25CA40DE18} = {1B814969-B4D2-427C-9237-A0BD8E7E1207}
		{A6FBD505-B270-4AF3-A1E8-B8AE59CA68EB} = {15EEB0D0-D461-4623-BAF0-2C25CA40DE18}
		{149981F9-A291-4791-A21C-FAA4652D53A5} = {15EEB0D0-D461-4623-BAF0-2C25CA40DE18}
		{82E424AE-842F-483C-B332-899667FFE604} = {1B814969-B4D2-427C-9237-A0BD8E7E1207}
		{7FF9285C-224F-4502-9F27-4AEC2662F078} = {82E424AE-842F-483C-B332-899667FFE604}
	EndGlobalSection
	GlobalSection(ExtensibilityGlobals) = postSolution
		SolutionGuid = {0ED06FE6-A32B-4CB2-8607-8EA09E831E8A}
	EndGlobalSection
EndGlobal
